Microsoft Visual Studio Solution File, Format Version 12.00
# Visual Studio Version 17
VisualStudioVersion = 17.5.2.0
MinimumVisualStudioVersion = 10.0.40219.1
Project("{FAE04EC0-301F-11D3-BF4B-00C04F79EFBC}") = "PrestamosApi", "PrestamosApi.csproj", "{37CDC0C2-5233-C173-276B-ED8741E2523E}"
EndProject
Global
	GlobalSection(SolutionConfigurationPlatforms) = preSolution
		Debug|Any CPU = Debug|Any CPU
		Release|Any CPU = Release|Any CPU
	EndGlobalSection
	GlobalSection(ProjectConfigurationPlatforms) = postSolution
		{37CDC0C2-5233-C173-276B-ED8741E2523E}.Debug|Any CPU.ActiveCfg = Debug|Any CPU
		{37CDC0C2-5233-C173-276B-ED8741E2523E}.Debug|Any CPU.Build.0 = Debug|Any CPU
		{37CDC0C2-5233-C173-276B-ED8741E2523E}.Release|Any CPU.ActiveCfg = Release|Any CPU
		{37CDC0C2-5233-C173-276B-ED8741E2523E}.Release|Any CPU.Build.0 = Release|Any CPU
	EndGlobalSection
	GlobalSection(SolutionProperties) = preSolution
		HideSolutionNode = FALSE
	EndGlobalSection
	GlobalSection(ExtensibilityGlobals) = postSolution
		SolutionGuid = {CFE32E8D-3C17-4E65-A2B2-368CF352DC02}
	EndGlobalSection
EndGlobal
